
Microsoft Visual Studio Solution File, Format Version 12.00
# Visual Studio 2013
VisualStudioVersion = 12.0.40629.0
MinimumVisualStudioVersion = 10.0.40219.1
Project("{FAE04EC0-301F-11D3-BF4B-00C04F79EFBC}") = "ProductStorage.Web", "ProductStorage\ProductStorage.Web.csproj", "{A6D0E916-6232-47DF-90B3-B50980691067}"
EndProject
Project("{FAE04EC0-301F-11D3-BF4B-00C04F79EFBC}") = "ProductStorage.Models", "ProductStorage.Models\ProductStorage.Models.csproj", "{42B0A31F-0FAD-4707-BEEE-2F90355DF510}"
EndProject
Project("{FAE04EC0-301F-11D3-BF4B-00C04F79EFBC}") = "ProductStorage.Data", "ProductStorage.Data\ProductStorage.Data.csproj", "{8D74443D-9CED-4065-B5DC-A85004E8F217}"
EndProject
Global
	GlobalSection(SolutionConfigurationPlatforms) = preSolution
		Debug|Any CPU = Debug|Any CPU
		Release|Any CPU = Release|Any CPU
	EndGlobalSection
	GlobalSection(ProjectConfigurationPlatforms) = postSolution
		{A6D0E916-6232-47DF-90B3-B50980691067}.Debug|Any CPU.ActiveCfg = Debug|Any CPU
		{A6D0E916-6232-47DF-90B3-B50980691067}.Debug|Any CPU.Build.0 = Debug|Any CPU
		{A6D0E916-6232-47DF-90B3-B50980691067}.Release|Any CPU.ActiveCfg = Release|Any CPU
		{A6D0E916-6232-47DF-90B3-B50980691067}.Release|Any CPU.Build.0 = Release|Any CPU
		{42B0A31F-0FAD-4707-BEEE-2F90355DF510}.Debug|Any CPU.ActiveCfg = Debug|Any CPU
		{42B0A31F-0FAD-4707-BEEE-2F90355DF510}.Debug|Any CPU.Build.0 = Debug|Any CPU
		{42B0A31F-0FAD-4707-BEEE-2F90355DF510}.Release|Any CPU.ActiveCfg = Release|Any CPU
		{42B0A31F-0FAD-4707-BEEE-2F90355DF510}.Release|Any CPU.Build.0 = Release|Any CPU
		{8D74443D-9CED-4065-B5DC-A85004E8F217}.Debug|Any CPU.ActiveCfg = Debug|Any CPU
		{8D74443D-9CED-4065-B5DC-A85004E8F217}.Debug|Any CPU.Build.0 = Debug|Any CPU
		{8D74443D-9CED-4065-B5DC-A85004E8F217}.Release|Any CPU.ActiveCfg = Release|Any CPU
		{8D74443D-9CED-4065-B5DC-A85004E8F217}.Release|Any CPU.Build.0 = Release|Any CPU
	EndGlobalSection
	GlobalSection(SolutionProperties) = preSolution
		HideSolutionNode = FALSE
	EndGlobalSection
EndGlobal
